
Microsoft Visual Studio Solution File, Format Version 12.00
# Visual Studio Version 17
VisualStudioVersion = 17.11.35303.130
MinimumVisualStudioVersion = 10.0.40219.1
Project("{FAE04EC0-301F-11D3-BF4B-00C04F79EFBC}") = "GordeevTest", "GordeevTest.csproj", "{361806BD-81D0-43DF-8420-12061EEB66D7}"
EndProject
Global
	GlobalSection(SolutionConfigurationPlatforms) = preSolution
		Debug|Any CPU = Debug|Any CPU
		Release|Any CPU = Release|Any CPU
	EndGlobalSection
	GlobalSection(ProjectConfigurationPlatforms) = postSolution
		{361806BD-81D0-43DF-8420-12061EEB66D7}.Debug|Any CPU.ActiveCfg = Debug|Any CPU
		{361806BD-81D0-43DF-8420-12061EEB66D7}.Debug|Any CPU.Build.0 = Debug|Any CPU
		{361806BD-81D0-43DF-8420-12061EEB66D7}.Release|Any CPU.ActiveCfg = Release|Any CPU
		{361806BD-81D0-43DF-8420-12061EEB66D7}.Release|Any CPU.Build.0 = Release|Any CPU
	EndGlobalSection
	GlobalSection(SolutionProperties) = preSolution
		HideSolutionNode = FALSE
	EndGlobalSection
	GlobalSection(ExtensibilityGlobals) = postSolution
		SolutionGuid = {BED97722-C929-4A77-A8DC-54330D6DCF4A}
	EndGlobalSection
EndGlobal
